
Microsoft Visual Studio Solution File, Format Version 12.00
# Visual Studio Version 17
VisualStudioVersion = 17.5.002.0
MinimumVisualStudioVersion = 10.0.40219.1
Project("{9A19103F-16F7-4668-BE54-9A1E7A4F7556}") = "Shop11A", "Shop11A.csproj", "{D39D4B68-F127-419C-8149-6F2BB42E4749}"
EndProject
Global
	GlobalSection(SolutionConfigurationPlatforms) = preSolution
		Debug|Any CPU = Debug|Any CPU
		Release|Any CPU = Release|Any CPU
	EndGlobalSection
	GlobalSection(ProjectConfigurationPlatforms) = postSolution
		{D39D4B68-F127-419C-8149-6F2BB42E4749}.Debug|Any CPU.ActiveCfg = Debug|Any CPU
		{D39D4B68-F127-419C-8149-6F2BB42E4749}.Debug|Any CPU.Build.0 = Debug|Any CPU
		{D39D4B68-F127-419C-8149-6F2BB42E4749}.Release|Any CPU.ActiveCfg = Release|Any CPU
		{D39D4B68-F127-419C-8149-6F2BB42E4749}.Release|Any CPU.Build.0 = Release|Any CPU
	EndGlobalSection
	GlobalSection(SolutionProperties) = preSolution
		HideSolutionNode = FALSE
	EndGlobalSection
	GlobalSection(ExtensibilityGlobals) = postSolution
		SolutionGuid = {39B89E70-3436-4DE5-B233-694B1C441A9A}
	EndGlobalSection
EndGlobal
